
Microsoft Visual Studio Solution File, Format Version 12.00
# Visual Studio Version 17
VisualStudioVersion = 17.0.32014.148
MinimumVisualStudioVersion = 10.0.40219.1
Project("{9A19103F-16F7-4668-BE54-9A1E7A4F7556}") = "TextCopier", "TextCopier\TextCopier.csproj", "{B4438798-33FD-4F98-8CF3-D8DA8B2E2C6B}"
EndProject
Project("{9A19103F-16F7-4668-BE54-9A1E7A4F7556}") = "DataAccessLibrary", "DataAccessLibrary\DataAccessLibrary.csproj", "{984F07D1-F646-411D-8A52-7BDE018EC464}"
EndProject
Project("{FAE04EC0-301F-11D3-BF4B-00C04F79EFBC}") = "UIHelperLibrary", "UIHelperLibrary\UIHelperLibrary.csproj", "{548B0478-3B92-4FA7-A188-48004F902C40}"
EndProject
Global
	GlobalSection(SolutionConfigurationPlatforms) = preSolution
		Debug|Any CPU = Debug|Any CPU
		Release|Any CPU = Release|Any CPU
	EndGlobalSection
	GlobalSection(ProjectConfigurationPlatforms) = postSolution
		{B4438798-33FD-4F98-8CF3-D8DA8B2E2C6B}.Debug|Any CPU.ActiveCfg = Debug|Any CPU
		{B4438798-33FD-4F98-8CF3-D8DA8B2E2C6B}.Debug|Any CPU.Build.0 = Debug|Any CPU
		{B4438798-33FD-4F98-8CF3-D8DA8B2E2C6B}.Release|Any CPU.ActiveCfg = Release|Any CPU
		{B4438798-33FD-4F98-8CF3-D8DA8B2E2C6B}.Release|Any CPU.Build.0 = Release|Any CPU
		{984F07D1-F646-411D-8A52-7BDE018EC464}.Debug|Any CPU.ActiveCfg = Debug|Any CPU
		{984F07D1-F646-411D-8A52-7BDE018EC464}.Debug|Any CPU.Build.0 = Debug|Any CPU
		{984F07D1-F646-411D-8A52-7BDE018EC464}.Release|Any CPU.ActiveCfg = Release|Any CPU
		{984F07D1-F646-411D-8A52-7BDE018EC464}.Release|Any CPU.Build.0 = Release|Any CPU
		{548B0478-3B92-4FA7-A188-48004F902C40}.Debug|Any CPU.ActiveCfg = Debug|Any CPU
		{548B0478-3B92-4FA7-A188-48004F902C40}.Debug|Any CPU.Build.0 = Debug|Any CPU
		{548B0478-3B92-4FA7-A188-48004F902C40}.Release|Any CPU.ActiveCfg = Release|Any CPU
		{548B0478-3B92-4FA7-A188-48004F902C40}.Release|Any CPU.Build.0 = Release|Any CPU
	EndGlobalSection
	GlobalSection(SolutionProperties) = preSolution
		HideSolutionNode = FALSE
	EndGlobalSection
	GlobalSection(ExtensibilityGlobals) = postSolution
		SolutionGuid = {1893FE3E-6552-413D-AC01-2E9BAD38C7F2}
	EndGlobalSection
EndGlobal
